// !$*UTF8*$!
{
	archiveVersion = 1;
	classes = {
	};
	objectVersion = 55;
	objects = {

/* Begin PBXBuildFile section */
		D6A79A8E277B3F54007914A6 /* BlogTableViewCell.swift in Sources */ = {isa = PBXBuildFile; fileRef = D6A79A8C277B3F54007914A6 /* BlogTableViewCell.swift */; };
		D6A79A95277B4238007914A6 /* Address.swift in Sources */ = {isa = PBXBuildFile; fileRef = D6A79A91277B4238007914A6 /* Address.swift */; };
		D6A79A96277B4238007914A6 /* Geo.swift in Sources */ = {isa = PBXBuildFile; fileRef = D6A79A92277B4238007914A6 /* Geo.swift */; };
		D6A79A97277B4238007914A6 /* Company.swift in Sources */ = {isa = PBXBuildFile; fileRef = D6A79A93277B4238007914A6 /* Company.swift */; };
		D6A79A98277B4238007914A6 /* UsersModel.swift in Sources */ = {isa = PBXBuildFile; fileRef = D6A79A94277B4238007914A6 /* UsersModel.swift */; };
		D6A79A9B277B42D3007914A6 /* PostsModel.swift in Sources */ = {isa = PBXBuildFile; fileRef = D6A79A9A277B42D3007914A6 /* PostsModel.swift */; };
		D6A79A9E277B4317007914A6 /* CommentsModel.swift in Sources */ = {isa = PBXBuildFile; fileRef = D6A79A9D277B4317007914A6 /* CommentsModel.swift */; };
		D6ABC22E277B3A5900B68BB7 /* AppDelegate.swift in Sources */ = {isa = PBXBuildFile; fileRef = D6ABC22D277B3A5900B68BB7 /* AppDelegate.swift */; };
		D6ABC230277B3A5900B68BB7 /* SceneDelegate.swift in Sources */ = {isa = PBXBuildFile; fileRef = D6ABC22F277B3A5900B68BB7 /* SceneDelegate.swift */; };
		D6ABC232277B3A5900B68BB7 /* ViewController.swift in Sources */ = {isa = PBXBuildFile; fileRef = D6ABC231277B3A5900B68BB7 /* ViewController.swift */; };
		D6ABC235277B3A5900B68BB7 /* Main.storyboard in Resources */ = {isa = PBXBuildFile; fileRef = D6ABC233277B3A5900B68BB7 /* Main.storyboard */; };
		D6ABC237277B3A6200B68BB7 /* Assets.xcassets in Resources */ = {isa = PBXBuildFile; fileRef = D6ABC236277B3A6200B68BB7 /* Assets.xcassets */; };
		D6ABC23A277B3A6200B68BB7 /* LaunchScreen.storyboard in Resources */ = {isa = PBXBuildFile; fileRef = D6ABC238277B3A6200B68BB7 /* LaunchScreen.storyboard */; };
		D6ABC244277B3BF900B68BB7 /* Comments.json in Resources */ = {isa = PBXBuildFile; fileRef = D6ABC243277B3BF900B68BB7 /* Comments.json */; };
		D6ABC248277B3C8D00B68BB7 /* Users.json in Resources */ = {isa = PBXBuildFile; fileRef = D6ABC247277B3C8D00B68BB7 /* Users.json */; };
		D6ABC24A277B3CD300B68BB7 /* Resource.swift in Sources */ = {isa = PBXBuildFile; fileRef = D6ABC249277B3CD300B68BB7 /* Resource.swift */; };
		D6EB92CB277B5ECE005A330D /* Posts.json in Resources */ = {isa = PBXBuildFile; fileRef = D6EB92CA277B5ECE005A330D /* Posts.json */; };
/* End PBXBuildFile section */

/* Begin PBXFileReference section */
		D6A79A8C277B3F54007914A6 /* BlogTableViewCell.swift */ = {isa = PBXFileReference; lastKnownFileType = sourcecode.swift; path = BlogTableViewCell.swift; sourceTree = "<group>"; };
		D6A79A91277B4238007914A6 /* Address.swift */ = {isa = PBXFileReference; fileEncoding = 4; lastKnownFileType = sourcecode.swift; path = Address.swift; sourceTree = "<group>"; };
		D6A79A92277B4238007914A6 /* Geo.swift */ = {isa = PBXFileReference; fileEncoding = 4; lastKnownFileType = sourcecode.swift; path = Geo.swift; sourceTree = "<group>"; };
		D6A79A93277B4238007914A6 /* Company.swift */ = {isa = PBXFileReference; fileEncoding = 4; lastKnownFileType = sourcecode.swift; path = Company.swift; sourceTree = "<group>"; };
		D6A79A94277B4238007914A6 /* UsersModel.swift */ = {isa = PBXFileReference; fileEncoding = 4; lastKnownFileType = sourcecode.swift; path = UsersModel.swift; sourceTree = "<group>"; };
		D6A79A9A277B42D3007914A6 /* PostsModel.swift */ = {isa = PBXFileReference; fileEncoding = 4; lastKnownFileType = sourcecode.swift; path = PostsModel.swift; sourceTree = "<group>"; };
		D6A79A9D277B4317007914A6 /* CommentsModel.swift */ = {isa = PBXFileReference; fileEncoding = 4; lastKnownFileType = sourcecode.swift; path = CommentsModel.swift; sourceTree = "<group>"; };
		D6ABC22A277B3A5900B68BB7 /* Fueled Swift Exercise.app */ = {isa = PBXFileReference; explicitFileType = wrapper.application; includeInIndex = 0; path = "Fueled Swift Exercise.app"; sourceTree = BUILT_PRODUCTS_DIR; };
		D6ABC22D277B3A5900B68BB7 /* AppDelegate.swift */ = {isa = PBXFileReference; lastKnownFileType = sourcecode.swift; path = AppDelegate.swift; sourceTree = "<group>"; };
		D6ABC22F277B3A5900B68BB7 /* SceneDelegate.swift */ = {isa = PBXFileReference; lastKnownFileType = sourcecode.swift; path = SceneDelegate.swift; sourceTree = "<group>"; };
		D6ABC231277B3A5900B68BB7 /* ViewController.swift */ = {isa = PBXFileReference; lastKnownFileType = sourcecode.swift; path = ViewController.swift; sourceTree = "<group>"; };
		D6ABC234277B3A5900B68BB7 /* Base */ = {isa = PBXFileReference; lastKnownFileType = file.storyboard; name = Base; path = Base.lproj/Main.storyboard; sourceTree = "<group>"; };
		D6ABC236277B3A6200B68BB7 /* Assets.xcassets */ = {isa = PBXFileReference; lastKnownFileType = folder.assetcatalog; path = Assets.xcassets; sourceTree = "<group>"; };
		D6ABC239277B3A6200B68BB7 /* Base */ = {isa = PBXFileReference; lastKnownFileType = file.storyboard; name = Base; path = Base.lproj/LaunchScreen.storyboard; sourceTree = "<group>"; };
		D6ABC23B277B3A6200B68BB7 /* Info.plist */ = {isa = PBXFileReference; lastKnownFileType = text.plist.xml; path = Info.plist; sourceTree = "<group>"; };
		D6ABC243277B3BF900B68BB7 /* Comments.json */ = {isa = PBXFileReference; lastKnownFileType = text.json; path = Comments.json; sourceTree = "<group>"; };
		D6ABC247277B3C8D00B68BB7 /* Users.json */ = {isa = PBXFileReference; lastKnownFileType = text.json; path = Users.json; sourceTree = "<group>"; };
		D6ABC249277B3CD300B68BB7 /* Resource.swift */ = {isa = PBXFileReference; lastKnownFileType = sourcecode.swift; path = Resource.swift; sourceTree = "<group>"; };
		D6EB92CA277B5ECE005A330D /* Posts.json */ = {isa = PBXFileReference; lastKnownFileType = text.json; path = Posts.json; sourceTree = "<group>"; };
/* End PBXFileReference section */

/* Begin PBXFrameworksBuildPhase section */
		D6ABC227277B3A5900B68BB7 /* Frameworks */ = {
			isa = PBXFrameworksBuildPhase;
			buildActionMask = 2147483647;
			files = (
			);
			runOnlyForDeploymentPostprocessing = 0;
		};
/* End PBXFrameworksBuildPhase section */

/* Begin PBXGroup section */
		D6A79A90277B4226007914A6 /* UsersModel */ = {
			isa = PBXGroup;
			children = (
				D6A79A91277B4238007914A6 /* Address.swift */,
				D6A79A93277B4238007914A6 /* Company.swift */,
				D6A79A92277B4238007914A6 /* Geo.swift */,
				D6A79A94277B4238007914A6 /* UsersModel.swift */,
			);
			path = UsersModel;
			sourceTree = "<group>";
		};
		D6A79A99277B42A6007914A6 /* PostsModel */ = {
			isa = PBXGroup;
			children = (
				D6A79A9A277B42D3007914A6 /* PostsModel.swift */,
			);
			path = PostsModel;
			sourceTree = "<group>";
		};
		D6A79A9C277B42EF007914A6 /* CommentsModel */ = {
			isa = PBXGroup;
			children = (
				D6A79A9D277B4317007914A6 /* CommentsModel.swift */,
			);
			path = CommentsModel;
			sourceTree = "<group>";
		};
		D6ABC221277B3A5800B68BB7 = {
			isa = PBXGroup;
			children = (
				D6ABC22C277B3A5900B68BB7 /* Fueled Swift Exercise */,
				D6ABC22B277B3A5900B68BB7 /* Products */,
			);
			sourceTree = "<group>";
		};
		D6ABC22B277B3A5900B68BB7 /* Products */ = {
			isa = PBXGroup;
			children = (
				D6ABC22A277B3A5900B68BB7 /* Fueled Swift Exercise.app */,
			);
			name = Products;
			sourceTree = "<group>";
		};
		D6ABC22C277B3A5900B68BB7 /* Fueled Swift Exercise */ = {
			isa = PBXGroup;
			children = (
				D6ABC22D277B3A5900B68BB7 /* AppDelegate.swift */,
				D6ABC22F277B3A5900B68BB7 /* SceneDelegate.swift */,
				D6ABC24C277B3E6A00B68BB7 /* Model */,
				D6ABC24E277B3E7500B68BB7 /* View */,
				D6ABC24B277B3E5700B68BB7 /* Controller */,
				D6ABC242277B3B5100B68BB7 /* Resources */,
				D6ABC249277B3CD300B68BB7 /* Resource.swift */,
				D6ABC233277B3A5900B68BB7 /* Main.storyboard */,
				D6ABC236277B3A6200B68BB7 /* Assets.xcassets */,
				D6ABC238277B3A6200B68BB7 /* LaunchScreen.storyboard */,
				D6ABC23B277B3A6200B68BB7 /* Info.plist */,
			);
			path = "Fueled Swift Exercise";
			sourceTree = "<group>";
		};
		D6ABC242277B3B5100B68BB7 /* Resources */ = {
			isa = PBXGroup;
			children = (
				D6ABC243277B3BF900B68BB7 /* Comments.json */,
				D6ABC247277B3C8D00B68BB7 /* Users.json */,
				D6EB92CA277B5ECE005A330D /* Posts.json */,
			);
			path = Resources;
			sourceTree = "<group>";
		};
		D6ABC24B277B3E5700B68BB7 /* Controller */ = {
			isa = PBXGroup;
			children = (
				D6ABC231277B3A5900B68BB7 /* ViewController.swift */,
			);
			path = Controller;
			sourceTree = "<group>";
		};
		D6ABC24C277B3E6A00B68BB7 /* Model */ = {
			isa = PBXGroup;
			children = (
				D6A79A9C277B42EF007914A6 /* CommentsModel */,
				D6A79A99277B42A6007914A6 /* PostsModel */,
				D6A79A90277B4226007914A6 /* UsersModel */,
			);
			path = Model;
			sourceTree = "<group>";
		};
		D6ABC24E277B3E7500B68BB7 /* View */ = {
			isa = PBXGroup;
			children = (
				D6A79A8C277B3F54007914A6 /* BlogTableViewCell.swift */,
			);
			path = View;
			sourceTree = "<group>";
		};
/* End PBXGroup section */

/* Begin PBXNativeTarget section */
		D6ABC229277B3A5900B68BB7 /* Fueled Swift Exercise */ = {
			isa = PBXNativeTarget;
			buildConfigurationList = D6ABC23E277B3A6200B68BB7 /* Build configuration list for PBXNativeTarget "Fueled Swift Exercise" */;
			buildPhases = (
				D6ABC226277B3A5900B68BB7 /* Sources */,
				D6ABC227277B3A5900B68BB7 /* Frameworks */,
				D6ABC228277B3A5900B68BB7 /* Resources */,
			);
			buildRules = (
			);
			dependencies = (
			);
			name = "Fueled Swift Exercise";
			productName = "Fueled Swift Exercise";
			productReference = D6ABC22A277B3A5900B68BB7 /* Fueled Swift Exercise.app */;
			productType = "com.apple.product-type.application";
		};
/* End PBXNativeTarget section */

/* Begin PBXProject section */
		D6ABC222277B3A5800B68BB7 /* Project object */ = {
			isa = PBXProject;
			attributes = {
				BuildIndependentTargetsInParallel = 1;
				LastSwiftUpdateCheck = 1320;
				LastUpgradeCheck = 1320;
				TargetAttributes = {
					D6ABC229277B3A5900B68BB7 = {
						CreatedOnToolsVersion = 13.2.1;
					};
				};
			};
			buildConfigurationList = D6ABC225277B3A5800B68BB7 /* Build configuration list for PBXProject "Fueled Swift Exercise" */;
			compatibilityVersion = "Xcode 13.0";
			developmentRegion = en;
			hasScannedForEncodings = 0;
			knownRegions = (
				en,
				Base,
			);
			mainGroup = D6ABC221277B3A5800B68BB7;
			productRefGroup = D6ABC22B277B3A5900B68BB7 /* Products */;
			projectDirPath = "";
			projectRoot = "";
			targets = (
				D6ABC229277B3A5900B68BB7 /* Fueled Swift Exercise */,
			);
		};
/* End PBXProject section */

/* Begin PBXResourcesBuildPhase section */
		D6ABC228277B3A5900B68BB7 /* Resources */ = {
			isa = PBXResourcesBuildPhase;
			buildActionMask = 2147483647;
			files = (
				D6ABC23A277B3A6200B68BB7 /* LaunchScreen.storyboard in Resources */,
				D6EB92CB277B5ECE005A330D /* Posts.json in Resources */,
				D6ABC237277B3A6200B68BB7 /* Assets.xcassets in Resources */,
				D6ABC235277B3A5900B68BB7 /* Main.storyboard in Resources */,
				D6ABC248277B3C8D00B68BB7 /* Users.json in Resources */,
				D6ABC244277B3BF900B68BB7 /* Comments.json in Resources */,
			);
			runOnlyForDeploymentPostprocessing = 0;
		};
/* End PBXResourcesBuildPhase section */

/* Begin PBXSourcesBuildPhase section */
		D6ABC226277B3A5900B68BB7 /* Sources */ = {
			isa = PBXSourcesBuildPhase;
			buildActionMask = 2147483647;
			files = (
				D6ABC232277B3A5900B68BB7 /* ViewController.swift in Sources */,
				D6A79A8E277B3F54007914A6 /* BlogTableViewCell.swift in Sources */,
				D6A79A9E277B4317007914A6 /* CommentsModel.swift in Sources */,
				D6A79A97277B4238007914A6 /* Company.swift in Sources */,
				D6A79A98277B4238007914A6 /* UsersModel.swift in Sources */,
				D6A79A9B277B42D3007914A6 /* PostsModel.swift in Sources */,
				D6ABC22E277B3A5900B68BB7 /* AppDelegate.swift in Sources */,
				D6ABC230277B3A5900B68BB7 /* SceneDelegate.swift in Sources */,
				D6ABC24A277B3CD300B68BB7 /* Resource.swift in Sources */,
				D6A79A95277B4238007914A6 /* Address.swift in Sources */,
				D6A79A96277B4238007914A6 /* Geo.swift in Sources */,
			);
			runOnlyForDeploymentPostprocessing = 0;
		};
/* End PBXSourcesBuildPhase section */

/* Begin PBXVariantGroup section */
		D6ABC233277B3A5900B68BB7 /* Main.storyboard */ = {
			isa = PBXVariantGroup;
			children = (
				D6ABC234277B3A5900B68BB7 /* Base */,
			);
			name = Main.storyboard;
			sourceTree = "<group>";
		};
		D6ABC238277B3A6200B68BB7 /* LaunchScreen.storyboard */ = {
			isa = PBXVariantGroup;
			children = (
				D6ABC239277B3A6200B68BB7 /* Base */,
			);
			name = LaunchScreen.storyboard;
			sourceTree = "<group>";
		};
/* End PBXVariantGroup section */

/* Begin XCBuildConfiguration section */
		D6ABC23C277B3A6200B68BB7 /* Debug */ = {
			isa = XCBuildConfiguration;
			buildSettings = {
				ALWAYS_SEARCH_USER_PATHS = NO;
				CLANG_ANALYZER_NONNULL = YES;
				CLANG_ANALYZER_NUMBER_OBJECT_CONVERSION = YES_AGGRESSIVE;
				CLANG_CXX_LANGUAGE_STANDARD = "gnu++17";
				CLANG_CXX_LIBRARY = "libc++";
				CLANG_ENABLE_MODULES = YES;
				CLANG_ENABLE_OBJC_ARC = YES;
				CLANG_ENABLE_OBJC_WEAK = YES;
				CLANG_WARN_BLOCK_CAPTURE_AUTORELEASING = YES;
				CLANG_WARN_BOOL_CONVERSION = YES;
				CLANG_WARN_COMMA = YES;
				CLANG_WARN_CONSTANT_CONVERSION = YES;
				CLANG_WARN_DEPRECATED_OBJC_IMPLEMENTATIONS = YES;
				CLANG_WARN_DIRECT_OBJC_ISA_USAGE = YES_ERROR;
				CLANG_WARN_DOCUMENTATION_COMMENTS = YES;
				CLANG_WARN_EMPTY_BODY = YES;
				CLANG_WARN_ENUM_CONVERSION = YES;
				CLANG_WARN_INFINITE_RECURSION = YES;
				CLANG_WARN_INT_CONVERSION = YES;
				CLANG_WARN_NON_LITERAL_NULL_CONVERSION = YES;
				CLANG_WARN_OBJC_IMPLICIT_RETAIN_SELF = YES;
				CLANG_WARN_OBJC_LITERAL_CONVERSION = YES;
				CLANG_WARN_OBJC_ROOT_CLASS = YES_ERROR;
				CLANG_WARN_QUOTED_INCLUDE_IN_FRAMEWORK_HEADER = YES;
				CLANG_WARN_RANGE_LOOP_ANALYSIS = YES;
				CLANG_WARN_STRICT_PROTOTYPES = YES;
				CLANG_WARN_SUSPICIOUS_MOVE = YES;
				CLANG_WARN_UNGUARDED_AVAILABILITY = YES_AGGRESSIVE;
				CLANG_WARN_UNREACHABLE_CODE = YES;
				CLANG_WARN__DUPLICATE_METHOD_MATCH = YES;
				COPY_PHASE_STRIP = NO;
				DEBUG_INFORMATION_FORMAT = dwarf;
				ENABLE_STRICT_OBJC_MSGSEND = YES;
				ENABLE_TESTABILITY = YES;
				GCC_C_LANGUAGE_STANDARD = gnu11;
				GCC_DYNAMIC_NO_PIC = NO;
				GCC_NO_COMMON_BLOCKS = YES;
				GCC_OPTIMIZATION_LEVEL = 0;
				GCC_PREPROCESSOR_DEFINITIONS = (
					"DEBUG=1",
					"$(inherited)",
				);
				GCC_WARN_64_TO_32_BIT_CONVERSION = YES;
				GCC_WARN_ABOUT_RETURN_TYPE = YES_ERROR;
				GCC_WARN_UNDECLARED_SELECTOR = YES;
				GCC_WARN_UNINITIALIZED_AUTOS = YES_AGGRESSIVE;
				GCC_WARN_UNUSED_FUNCTION = YES;
				GCC_WARN_UNUSED_VARIABLE = YES;
				IPHONEOS_DEPLOYMENT_TARGET = 15.2;
				MTL_ENABLE_DEBUG_INFO = INCLUDE_SOURCE;
				MTL_FAST_MATH = YES;
				ONLY_ACTIVE_ARCH = YES;
				SDKROOT = iphoneos;
				SWIFT_ACTIVE_COMPILATION_CONDITIONS = DEBUG;
				SWIFT_OPTIMIZATION_LEVEL = "-Onone";
			};
			name = Debug;
		};
		D6ABC23D277B3A6200B68BB7 /* Release */ = {
			isa = XCBuildConfiguration;
			buildSettings = {
				ALWAYS_SEARCH_USER_PATHS = NO;
				CLANG_ANALYZER_NONNULL = YES;
				CLANG_ANALYZER_NUMBER_OBJECT_CONVERSION = YES_AGGRESSIVE;
				CLANG_CXX_LANGUAGE_STANDARD = "gnu++17";
				CLANG_CXX_LIBRARY = "libc++";
				CLANG_ENABLE_MODULES = YES;
				CLANG_ENABLE_OBJC_ARC = YES;
				CLANG_ENABLE_OBJC_WEAK = YES;
				CLANG_WARN_BLOCK_CAPTURE_AUTORELEASING = YES;
				CLANG_WARN_BOOL_CONVERSION = YES;
				CLANG_WARN_COMMA = YES;
				CLANG_WARN_CONSTANT_CONVERSION = YES;
				CLANG_WARN_DEPRECATED_OBJC_IMPLEMENTATIONS = YES;
				CLANG_WARN_DIRECT_OBJC_ISA_USAGE = YES_ERROR;
				CLANG_WARN_DOCUMENTATION_COMMENTS = YES;
				CLANG_WARN_EMPTY_BODY = YES;
				CLANG_WARN_ENUM_CONVERSION = YES;
				CLANG_WARN_INFINITE_RECURSION = YES;
				CLANG_WARN_INT_CONVERSION = YES;
				CLANG_WARN_NON_LITERAL_NULL_CONVERSION = YES;
				CLANG_WARN_OBJC_IMPLICIT_RETAIN_SELF = YES;
				CLANG_WARN_OBJC_LITERAL_CONVERSION = YES;
				CLANG_WARN_OBJC_ROOT_CLASS = YES_ERROR;
				CLANG_WARN_QUOTED_INCLUDE_IN_FRAMEWORK_HEADER = YES;
				CLANG_WARN_RANGE_LOOP_ANALYSIS = YES;
				CLANG_WARN_STRICT_PROTOTYPES = YES;
				CLANG_WARN_SUSPICIOUS_MOVE = YES;
				CLANG_WARN_UNGUARDED_AVAILABILITY = YES_AGGRESSIVE;
				CLANG_WARN_UNREACHABLE_CODE = YES;
				CLANG_WARN__DUPLICATE_METHOD_MATCH = YES;
				COPY_PHASE_STRIP = NO;
				DEBUG_INFORMATION_FORMAT = "dwarf-with-dsym";
				ENABLE_NS_ASSERTIONS = NO;
				ENABLE_STRICT_OBJC_MSGSEND = YES;
				GCC_C_LANGUAGE_STANDARD = gnu11;
				GCC_NO_COMMON_BLOCKS = YES;
				GCC_WARN_64_TO_32_BIT_CONVERSION = YES;
				GCC_WARN_ABOUT_RETURN_TYPE = YES_ERROR;
				GCC_WARN_UNDECLARED_SELECTOR = YES;
				GCC_WARN_UNINITIALIZED_AUTOS = YES_AGGRESSIVE;
				GCC_WARN_UNUSED_FUNCTION = YES;
				GCC_WARN_UNUSED_VARIABLE = YES;
				IPHONEOS_DEPLOYMENT_TARGET = 15.2;
				MTL_ENABLE_DEBUG_INFO = NO;
				MTL_FAST_MATH = YES;
				SDKROOT = iphoneos;
				SWIFT_COMPILATION_MODE = wholemodule;
				SWIFT_OPTIMIZATION_LEVEL = "-O";
				VALIDATE_PRODUCT = YES;
			};
			name = Release;
		};
		D6ABC23F277B3A6200B68BB7 /* Debug */ = {
			isa = XCBuildConfiguration;
			buildSettings = {
				ASSETCATALOG_COMPILER_APPICON_NAME = AppIcon;
				ASSETCATALOG_COMPILER_GLOBAL_ACCENT_COLOR_NAME = AccentColor;
				CODE_SIGN_STYLE = Automatic;
				CURRENT_PROJECT_VERSION = 1;
				DEVELOPMENT_TEAM = 52725Y2Q3B;
				GENERATE_INFOPLIST_FILE = YES;
				INFOPLIST_FILE = "Fueled Swift Exercise/Info.plist";
				INFOPLIST_KEY_UIApplicationSupportsIndirectInputEvents = YES;
				INFOPLIST_KEY_UILaunchStoryboardName = LaunchScreen;
				INFOPLIST_KEY_UIMainStoryboardFile = Main;
				INFOPLIST_KEY_UISupportedInterfaceOrientations_iPad = "UIInterfaceOrientationPortrait UIInterfaceOrientationPortraitUpsideDown UIInterfaceOrientationLandscapeLeft UIInterfaceOrientationLandscapeRight";
				INFOPLIST_KEY_UISupportedInterfaceOrientations_iPhone = "UIInterfaceOrientationPortrait UIInterfaceOrientationLandscapeLeft UIInterfaceOrientationLandscapeRight";
				LD_RUNPATH_SEARCH_PATHS = (
					"$(inherited)",
					"@executable_path/Frameworks",
				);
				MARKETING_VERSION = 1.0;
				PRODUCT_BUNDLE_IDENTIFIER = "com.kritiagr.Fueled-Swift-Exercise";
				PRODUCT_NAME = "$(TARGET_NAME)";
				SWIFT_EMIT_LOC_STRINGS = YES;
				SWIFT_VERSION = 5.0;
				TARGETED_DEVICE_FAMILY = "1,2";
			};
			name = Debug;
		};
		D6ABC240277B3A6200B68BB7 /* Release */ = {
			isa = XCBuildConfiguration;
			buildSettings = {
				ASSETCATALOG_COMPILER_APPICON_NAME = AppIcon;
				ASSETCATALOG_COMPILER_GLOBAL_ACCENT_COLOR_NAME = AccentColor;
				CODE_SIGN_STYLE = Automatic;
				CURRENT_PROJECT_VERSION = 1;
				DEVELOPMENT_TEAM = 52725Y2Q3B;
				GENERATE_INFOPLIST_FILE = YES;
				INFOPLIST_FILE = "Fueled Swift Exercise/Info.plist";
				INFOPLIST_KEY_UIApplicationSupportsIndirectInputEvents = YES;
				INFOPLIST_KEY_UILaunchStoryboardName = LaunchScreen;
				INFOPLIST_KEY_UIMainStoryboardFile = Main;
				INFOPLIST_KEY_UISupportedInterfaceOrientations_iPad = "UIInterfaceOrientationPortrait UIInterfaceOrientationPortraitUpsideDown UIInterfaceOrientationLandscapeLeft UIInterfaceOrientationLandscapeRight";
				INFOPLIST_KEY_UISupportedInterfaceOrientations_iPhone = "UIInterfaceOrientationPortrait UIInterfaceOrientationLandscapeLeft UIInterfaceOrientationLandscapeRight";
				LD_RUNPATH_SEARCH_PATHS = (
					"$(inherited)",
					"@executable_path/Frameworks",
				);
				MARKETING_VERSION = 1.0;
				PRODUCT_BUNDLE_IDENTIFIER = "com.kritiagr.Fueled-Swift-Exercise";
				PRODUCT_NAME = "$(TARGET_NAME)";
				SWIFT_EMIT_LOC_STRINGS = YES;
				SWIFT_VERSION = 5.0;
				TARGETED_DEVICE_FAMILY = "1,2";
			};
			name = Release;
		};
/* End XCBuildConfiguration section */

/* Begin XCConfigurationList section */
		D6ABC225277B3A5800B68BB7 /* Build configuration list for PBXProject "Fueled Swift Exercise" */ = {
			isa = XCConfigurationList;
			buildConfigurations = (
				D6ABC23C277B3A6200B68BB7 /* Debug */,
				D6ABC23D277B3A6200B68BB7 /* Release */,
			);
			defaultConfigurationIsVisible = 0;
			defaultConfigurationName = Release;
		};
		D6ABC23E277B3A6200B68BB7 /* Build configuration list for PBXNativeTarget "Fueled Swift Exercise" */ = {
			isa = XCConfigurationList;
			buildConfigurations = (
				D6ABC23F277B3A6200B68BB7 /* Debug */,
				D6ABC240277B3A6200B68BB7 /* Release */,
			);
			defaultConfigurationIsVisible = 0;
			defaultConfigurationName = Release;
		};
/* End XCConfigurationList section */
	};
	rootObject = D6ABC222277B3A5800B68BB7 /* Project object */;
}
